
Microsoft Visual Studio Solution File, Format Version 12.00
# Visual Studio Express 2012 for Windows Desktop
Project("{FAE04EC0-301F-11D3-BF4B-00C04F79EFBC}") = "FileUploaderV1", "FileUploaderV1\FileUploaderV1.csproj", "{A43FA4CF-A5BE-4955-95BF-233ED03049D4}"
EndProject
Global
	GlobalSection(SolutionConfigurationPlatforms) = preSolution
		Debug|Any CPU = Debug|Any CPU
		Release|Any CPU = Release|Any CPU
	EndGlobalSection
	GlobalSection(ProjectConfigurationPlatforms) = postSolution
		{A43FA4CF-A5BE-4955-95BF-233ED03049D4}.Debug|Any CPU.ActiveCfg = Debug|Any CPU
		{A43FA4CF-A5BE-4955-95BF-233ED03049D4}.Debug|Any CPU.Build.0 = Debug|Any CPU
		{A43FA4CF-A5BE-4955-95BF-233ED03049D4}.Release|Any CPU.ActiveCfg = Release|Any CPU
		{A43FA4CF-A5BE-4955-95BF-233ED03049D4}.Release|Any CPU.Build.0 = Release|Any CPU
	EndGlobalSection
	GlobalSection(SolutionProperties) = preSolution
		HideSolutionNode = FALSE
	EndGlobalSection
EndGlobal
